
Microsoft Visual Studio Solution File, Format Version 12.00
# Visual Studio Version 17
VisualStudioVersion = 17.13.35931.197 d17.13
MinimumVisualStudioVersion = 10.0.40219.1
Project("{FAE04EC0-301F-11D3-BF4B-00C04F79EFBC}") = "JobManagement", "JobManagement.csproj", "{6370F0A1-8B9B-4AD4-AD4C-722E055E5C60}"
EndProject
Global
	GlobalSection(SolutionConfigurationPlatforms) = preSolution
		Debug|Any CPU = Debug|Any CPU
		Release|Any CPU = Release|Any CPU
	EndGlobalSection
	GlobalSection(ProjectConfigurationPlatforms) = postSolution
		{6370F0A1-8B9B-4AD4-AD4C-722E055E5C60}.Debug|Any CPU.ActiveCfg = Debug|Any CPU
		{6370F0A1-8B9B-4AD4-AD4C-722E055E5C60}.Debug|Any CPU.Build.0 = Debug|Any CPU
		{6370F0A1-8B9B-4AD4-AD4C-722E055E5C60}.Release|Any CPU.ActiveCfg = Release|Any CPU
		{6370F0A1-8B9B-4AD4-AD4C-722E055E5C60}.Release|Any CPU.Build.0 = Release|Any CPU
	EndGlobalSection
	GlobalSection(SolutionProperties) = preSolution
		HideSolutionNode = FALSE
	EndGlobalSection
	GlobalSection(ExtensibilityGlobals) = postSolution
		SolutionGuid = {41FE2ED0-7481-4930-B03D-CCB651FCC8CA}
	EndGlobalSection
EndGlobal
